
Microsoft Visual Studio Solution File, Format Version 12.00
# Visual Studio Version 16
VisualStudioVersion = 16.0.30114.105
MinimumVisualStudioVersion = 10.0.40219.1
Project("{FAE04EC0-301F-11D3-BF4B-00C04F79EFBC}") = "Day01", "Day01\Day01.csproj", "{565D1C1C-F881-4120-8DDB-7932CF4A3B2B}"
EndProject
Project("{FAE04EC0-301F-11D3-BF4B-00C04F79EFBC}") = "Day02", "Day02\Day02.csproj", "{1491140E-3473-4F22-B1A1-0D2D6382EF5E}"
EndProject
Project("{FAE04EC0-301F-11D3-BF4B-00C04F79EFBC}") = "Day03", "Day03\Day03.csproj", "{7BEFEE91-4757-4757-8F4C-8A823BC79508}"
EndProject
Project("{FAE04EC0-301F-11D3-BF4B-00C04F79EFBC}") = "Day04", "Day04\Day04.csproj", "{D05D9E9C-B837-4A14-B563-B76CA4AF6E51}"
EndProject
Project("{FAE04EC0-301F-11D3-BF4B-00C04F79EFBC}") = "Day05", "Day05\Day05.csproj", "{43E25A19-D6F9-4796-9B0F-E2E59B630CA2}"
EndProject
Global
	GlobalSection(SolutionProperties) = preSolution
		HideSolutionNode = FALSE
	EndGlobalSection
	GlobalSection(SolutionConfigurationPlatforms) = preSolution
		Debug|Any CPU = Debug|Any CPU
		Debug|x64 = Debug|x64
		Debug|x86 = Debug|x86
		Release|Any CPU = Release|Any CPU
		Release|x64 = Release|x64
		Release|x86 = Release|x86
	EndGlobalSection
	GlobalSection(ProjectConfigurationPlatforms) = postSolution
		{565D1C1C-F881-4120-8DDB-7932CF4A3B2B}.Debug|Any CPU.ActiveCfg = Debug|Any CPU
		{565D1C1C-F881-4120-8DDB-7932CF4A3B2B}.Debug|Any CPU.Build.0 = Debug|Any CPU
		{565D1C1C-F881-4120-8DDB-7932CF4A3B2B}.Debug|x64.ActiveCfg = Debug|Any CPU
		{565D1C1C-F881-4120-8DDB-7932CF4A3B2B}.Debug|x64.Build.0 = Debug|Any CPU
		{565D1C1C-F881-4120-8DDB-7932CF4A3B2B}.Debug|x86.ActiveCfg = Debug|Any CPU
		{565D1C1C-F881-4120-8DDB-7932CF4A3B2B}.Debug|x86.Build.0 = Debug|Any CPU
		{565D1C1C-F881-4120-8DDB-7932CF4A3B2B}.Release|Any CPU.ActiveCfg = Release|Any CPU
		{565D1C1C-F881-4120-8DDB-7932CF4A3B2B}.Release|Any CPU.Build.0 = Release|Any CPU
		{565D1C1C-F881-4120-8DDB-7932CF4A3B2B}.Release|x64.ActiveCfg = Release|Any CPU
		{565D1C1C-F881-4120-8DDB-7932CF4A3B2B}.Release|x64.Build.0 = Release|Any CPU
		{565D1C1C-F881-4120-8DDB-7932CF4A3B2B}.Release|x86.ActiveCfg = Release|Any CPU
		{565D1C1C-F881-4120-8DDB-7932CF4A3B2B}.Release|x86.Build.0 = Release|Any CPU
		{1491140E-3473-4F22-B1A1-0D2D6382EF5E}.Debug|Any CPU.ActiveCfg = Debug|Any CPU
		{1491140E-3473-4F22-B1A1-0D2D6382EF5E}.Debug|Any CPU.Build.0 = Debug|Any CPU
		{1491140E-3473-4F22-B1A1-0D2D6382EF5E}.Debug|x64.ActiveCfg = Debug|Any CPU
		{1491140E-3473-4F22-B1A1-0D2D6382EF5E}.Debug|x64.Build.0 = Debug|Any CPU
		{1491140E-3473-4F22-B1A1-0D2D6382EF5E}.Debug|x86.ActiveCfg = Debug|Any CPU
		{1491140E-3473-4F22-B1A1-0D2D6382EF5E}.Debug|x86.Build.0 = Debug|Any CPU
		{1491140E-3473-4F22-B1A1-0D2D6382EF5E}.Release|Any CPU.ActiveCfg = Release|Any CPU
		{1491140E-3473-4F22-B1A1-0D2D6382EF5E}.Release|Any CPU.Build.0 = Release|Any CPU
		{1491140E-3473-4F22-B1A1-0D2D6382EF5E}.Release|x64.ActiveCfg = Release|Any CPU
		{1491140E-3473-4F22-B1A1-0D2D6382EF5E}.Release|x64.Build.0 = Release|Any CPU
		{1491140E-3473-4F22-B1A1-0D2D6382EF5E}.Release|x86.ActiveCfg = Release|Any CPU
		{1491140E-3473-4F22-B1A1-0D2D6382EF5E}.Release|x86.Build.0 = Release|Any CPU
		{7BEFEE91-4757-4757-8F4C-8A823BC79508}.Debug|Any CPU.ActiveCfg = Debug|Any CPU
		{7BEFEE91-4757-4757-8F4C-8A823BC79508}.Debug|Any CPU.Build.0 = Debug|Any CPU
		{7BEFEE91-4757-4757-8F4C-8A823BC79508}.Debug|x64.ActiveCfg = Debug|Any CPU
		{7BEFEE91-4757-4757-8F4C-8A823BC79508}.Debug|x64.Build.0 = Debug|Any CPU
		{7BEFEE91-4757-4757-8F4C-8A823BC79508}.Debug|x86.ActiveCfg = Debug|Any CPU
		{7BEFEE91-4757-4757-8F4C-8A823BC79508}.Debug|x86.Build.0 = Debug|Any CPU
		{7BEFEE91-4757-4757-8F4C-8A823BC79508}.Release|Any CPU.ActiveCfg = Release|Any CPU
		{7BEFEE91-4757-4757-8F4C-8A823BC79508}.Release|Any CPU.Build.0 = Release|Any CPU
		{7BEFEE91-4757-4757-8F4C-8A823BC79508}.Release|x64.ActiveCfg = Release|Any CPU
		{7BEFEE91-4757-4757-8F4C-8A823BC79508}.Release|x64.Build.0 = Release|Any CPU
		{7BEFEE91-4757-4757-8F4C-8A823BC79508}.Release|x86.ActiveCfg = Release|Any CPU
		{7BEFEE91-4757-4757-8F4C-8A823BC79508}.Release|x86.Build.0 = Release|Any CPU
		{D05D9E9C-B837-4A14-B563-B76CA4AF6E51}.Debug|Any CPU.ActiveCfg = Debug|Any CPU
		{D05D9E9C-B837-4A14-B563-B76CA4AF6E51}.Debug|Any CPU.Build.0 = Debug|Any CPU
		{D05D9E9C-B837-4A14-B563-B76CA4AF6E51}.Debug|x64.ActiveCfg = Debug|Any CPU
		{D05D9E9C-B837-4A14-B563-B76CA4AF6E51}.Debug|x64.Build.0 = Debug|Any CPU
		{D05D9E9C-B837-4A14-B563-B76CA4AF6E51}.Debug|x86.ActiveCfg = Debug|Any CPU
		{D05D9E9C-B837-4A14-B563-B76CA4AF6E51}.Debug|x86.Build.0 = Debug|Any CPU
		{D05D9E9C-B837-4A14-B563-B76CA4AF6E51}.Release|Any CPU.ActiveCfg = Release|Any CPU
		{D05D9E9C-B837-4A14-B563-B76CA4AF6E51}.Release|Any CPU.Build.0 = Release|Any CPU
		{D05D9E9C-B837-4A14-B563-B76CA4AF6E51}.Release|x64.ActiveCfg = Release|Any CPU
		{D05D9E9C-B837-4A14-B563-B76CA4AF6E51}.Release|x64.Build.0 = Release|Any CPU
		{D05D9E9C-B837-4A14-B563-B76CA4AF6E51}.Release|x86.ActiveCfg = Release|Any CPU
		{D05D9E9C-B837-4A14-B563-B76CA4AF6E51}.Release|x86.Build.0 = Release|Any CPU
		{43E25A19-D6F9-4796-9B0F-E2E59B630CA2}.Debug|Any CPU.ActiveCfg = Debug|Any CPU
		{43E25A19-D6F9-4796-9B0F-E2E59B630CA2}.Debug|Any CPU.Build.0 = Debug|Any CPU
		{43E25A19-D6F9-4796-9B0F-E2E59B630CA2}.Debug|x64.ActiveCfg = Debug|Any CPU
		{43E25A19-D6F9-4796-9B0F-E2E59B630CA2}.Debug|x64.Build.0 = Debug|Any CPU
		{43E25A19-D6F9-4796-9B0F-E2E59B630CA2}.Debug|x86.ActiveCfg = Debug|Any CPU
		{43E25A19-D6F9-4796-9B0F-E2E59B630CA2}.Debug|x86.Build.0 = Debug|Any CPU
		{43E25A19-D6F9-4796-9B0F-E2E59B630CA2}.Release|Any CPU.ActiveCfg = Release|Any CPU
		{43E25A19-D6F9-4796-9B0F-E2E59B630CA2}.Release|Any CPU.Build.0 = Release|Any CPU
		{43E25A19-D6F9-4796-9B0F-E2E59B630CA2}.Release|x64.ActiveCfg = Release|Any CPU
		{43E25A19-D6F9-4796-9B0F-E2E59B630CA2}.Release|x64.Build.0 = Release|Any CPU
		{43E25A19-D6F9-4796-9B0F-E2E59B630CA2}.Release|x86.ActiveCfg = Release|Any CPU
		{43E25A19-D6F9-4796-9B0F-E2E59B630CA2}.Release|x86.Build.0 = Release|Any CPU
	EndGlobalSection
EndGlobal
